
Microsoft Visual Studio Solution File, Format Version 12.00
# Visual Studio Version 16
VisualStudioVersion = 16.0.30413.136
MinimumVisualStudioVersion = 10.0.40219.1
Project("{FAE04EC0-301F-11D3-BF4B-00C04F79EFBC}") = "Fall2020AppGroup10", "Fall2020AppGroup10\Fall2020AppGroup10.csproj", "{0BEB080F-11A0-4A59-B067-7213FDEADF91}"
EndProject
Project("{FAE04EC0-301F-11D3-BF4B-00C04F79EFBC}") = "Fall2020TestGroup10", "Fall2020TestGroup10\Fall2020TestGroup10.csproj", "{B915BE52-FBBC-486D-B3CF-FB023B587FC9}"
EndProject
Global
	GlobalSection(SolutionConfigurationPlatforms) = preSolution
		Debug|Any CPU = Debug|Any CPU
		Release|Any CPU = Release|Any CPU
	EndGlobalSection
	GlobalSection(ProjectConfigurationPlatforms) = postSolution
		{0BEB080F-11A0-4A59-B067-7213FDEADF91}.Debug|Any CPU.ActiveCfg = Debug|Any CPU
		{0BEB080F-11A0-4A59-B067-7213FDEADF91}.Debug|Any CPU.Build.0 = Debug|Any CPU
		{0BEB080F-11A0-4A59-B067-7213FDEADF91}.Release|Any CPU.ActiveCfg = Release|Any CPU
		{0BEB080F-11A0-4A59-B067-7213FDEADF91}.Release|Any CPU.Build.0 = Release|Any CPU
		{B915BE52-FBBC-486D-B3CF-FB023B587FC9}.Debug|Any CPU.ActiveCfg = Debug|Any CPU
		{B915BE52-FBBC-486D-B3CF-FB023B587FC9}.Debug|Any CPU.Build.0 = Debug|Any CPU
		{B915BE52-FBBC-486D-B3CF-FB023B587FC9}.Release|Any CPU.ActiveCfg = Release|Any CPU
		{B915BE52-FBBC-486D-B3CF-FB023B587FC9}.Release|Any CPU.Build.0 = Release|Any CPU
	EndGlobalSection
	GlobalSection(SolutionProperties) = preSolution
		HideSolutionNode = FALSE
	EndGlobalSection
	GlobalSection(ExtensibilityGlobals) = postSolution
		SolutionGuid = {DE13C15E-4C51-427F-88C5-EA50C9CD9CF5}
	EndGlobalSection
EndGlobal
